
Microsoft Visual Studio Solution File, Format Version 12.00
# Visual Studio Version 17
VisualStudioVersion = 17.3.32901.215
MinimumVisualStudioVersion = 10.0.40219.1
Project("{FAE04EC0-301F-11D3-BF4B-00C04F79EFBC}") = "minimum", "minimum\minimum.csproj", "{71D1FD16-66DE-47A2-A463-6EAAF1EC9D2A}"
EndProject
Global
	GlobalSection(SolutionConfigurationPlatforms) = preSolution
		Debug|Any CPU = Debug|Any CPU
		Release|Any CPU = Release|Any CPU
	EndGlobalSection
	GlobalSection(ProjectConfigurationPlatforms) = postSolution
		{71D1FD16-66DE-47A2-A463-6EAAF1EC9D2A}.Debug|Any CPU.ActiveCfg = Debug|Any CPU
		{71D1FD16-66DE-47A2-A463-6EAAF1EC9D2A}.Debug|Any CPU.Build.0 = Debug|Any CPU
		{71D1FD16-66DE-47A2-A463-6EAAF1EC9D2A}.Release|Any CPU.ActiveCfg = Release|Any CPU
		{71D1FD16-66DE-47A2-A463-6EAAF1EC9D2A}.Release|Any CPU.Build.0 = Release|Any CPU
	EndGlobalSection
	GlobalSection(SolutionProperties) = preSolution
		HideSolutionNode = FALSE
	EndGlobalSection
	GlobalSection(ExtensibilityGlobals) = postSolution
		SolutionGuid = {F83C6BAC-C3E1-4BD4-B3DE-D731CFDF7CAF}
	EndGlobalSection
EndGlobal
